{"format_version":"1.2","terraform_version":"1.10.5","variables":{"alb_name":{"value":"ecs-alb"},"aws_region":{"value":"eu-west-1"},"db_password":{"value":"admin_123456"},"db_username":{"value":"admin"},"ecr_repository_name":{"value":"hospital_app"},"ecs_cluster_name":{"value":"ecs-cluster"},"log_group_name":{"value":"ecs-log-group"},"private_subnet_cidrs":{"value":["10.0.3.0/24","10.0.4.0/24"]},"public_subnet_cidrs":{"value":["10.0.1.0/24","10.0.2.0/24"]},"s3_bucket_name":{"value":"my-storage-bucket"},"vpc_cidr_block":{"value":"10.0.0.0/16"}},"planned_values":{"outputs":{"alb_dns_name":{"sensitive":false},"cloudwatch_log_group":{"sensitive":false,"type":"string","value":"ecs-log-group"},"db_endpoint":{"sensitive":false},"ecs_cluster_id":{"sensitive":false},"private_subnets":{"sensitive":false},"public_subnets":{"sensitive":false},"repository_url":{"sensitive":false,"type":"string","value":"585008053249.dkr.ecr.eu-west-1.amazonaws.com/hospital_app"},"s3_bucket_arn":{"sensitive":false},"vpc_id":{"sensitive":false}},"root_module":{"resources":[{"address":"null_resource.docker_build_push","mode":"managed","type":"null_resource","name":"docker_build_push","provider_name":"registry.terraform.io/hashicorp/null","schema_version":0,"values":{"triggers":null},"sensitive_values":{}}],"child_modules":[{"resources":[{"address":"module.alb.aws_alb.ecs_alb","mode":"managed","type":"aws_alb","name":"ecs_alb","provider_name":"registry.terraform.io/hashicorp/aws","schema_version":0,"values":{"access_logs":[],"client_keep_alive":3600,"connection_logs":[],"customer_owned_ipv4_pool":null,"desync_mitigation_mode":"defensive","dns_record_client_routing_policy":null,"drop_invalid_header_fields":false,"enable_cross_zone_load_balancing":null,"enable_deletion_protection":false,"enable_http2":true,"enable_tls_version_and_cipher_suite_headers":false,"enable_waf_fail_open":false,"enable_xff_client_port":false,"enable_zonal_shift":false,"idle_timeout":60,"ipam_pools":[],"load_balancer_type":"application","name":"ecs-alb","preserve_host_header":false,"tags":null,"timeouts":null,"xff_header_processing_mode":"append"},"sensitive_values":{"access_logs":[],"connection_logs":[],"ipam_pools":[],"security_groups":[],"subnet_mapping":[],"subnets":[],"tags_all":{}}}],"address":"module.alb"},{"resources":[{"address":"module.cloudwatch.aws_cloudwatch_log_group.ecs_logs","mode":"managed","type":"aws_cloudwatch_log_group","name":"ecs_logs","provider_name":"registry.terraform.io/hashicorp/aws","schema_version":0,"values":{"kms_key_id":null,"name":"ecs-log-group","retention_in_days":0,"skip_destroy":false,"tags":null},"sensitive_values":{"tags_all":{}}}],"address":"module.cloudwatch"},{"resources":[{"address":"module.ecr.aws_ecr_repository.app_repo","mode":"managed","type":"aws_ecr_repository","name":"app_repo","provider_name":"registry.terraform.io/hashicorp/aws","schema_version":0,"values":{"arn":"arn:aws:ecr:eu-west-1:585008053249:repository/hospital_app","encryption_configuration":[{"encryption_type":"AES256","kms_key":""}],"force_delete":null,"id":"hospital_app","image_scanning_configuration":[{"scan_on_push":false}],"image_tag_mutability":"MUTABLE","name":"hospital_app","registry_id":"585008053249","repository_url":"585008053249.dkr.ecr.eu-west-1.amazonaws.com/hospital_app","tags":{},"tags_all":{},"timeouts":null},"sensitive_values":{"encryption_configuration":[{}],"image_scanning_configuration":[{}],"tags":{},"tags_all":{}}}],"address":"module.ecr"},{"resources":[{"address":"module.ecs.aws_ecs_cluster.main","mode":"managed","type":"aws_ecs_cluster","name":"main","provider_name":"registry.terraform.io/hashicorp/aws","schema_version":0,"values":{"configuration":[],"name":"ecs-cluster","service_connect_defaults":[],"tags":null},"sensitive_values":{"configuration":[],"service_connect_defaults":[],"setting":[],"tags_all":{}}},{"address":"module.ecs.aws_ecs_service.app","mode":"managed","type":"aws_ecs_service","name":"app","provider_name":"registry.terraform.io/hashicorp/aws","schema_version":1,"values":{"alarms":[],"availability_zone_rebalancing":"DISABLED","capacity_provider_strategy":[],"deployment_circuit_breaker":[],"deployment_controller":[],"deployment_maximum_percent":200,"deployment_minimum_healthy_percent":100,"desired_count":1,"enable_ecs_managed_tags":false,"enable_execute_command":false,"force_delete":null,"force_new_deployment":null,"health_check_grace_period_seconds":null,"launch_type":"FARGATE","load_balancer":[],"name":"hospital-app-service","network_configuration":[{"assign_public_ip":false}],"ordered_placement_strategy":[],"placement_constraints":[],"propagate_tags":null,"scheduling_strategy":"REPLICA","service_connect_configuration":[],"service_registries":[],"tags":null,"timeouts":null,"volume_configuration":[],"vpc_lattice_configurations":[],"wait_for_steady_state":false},"sensitive_values":{"alarms":[],"capacity_provider_strategy":[],"deployment_circuit_breaker":[],"deployment_controller":[],"load_balancer":[],"network_configuration":[{"security_groups":[],"subnets":[]}],"ordered_placement_strategy":[],"placement_constraints":[],"service_connect_configuration":[],"service_registries":[],"tags_all":{},"triggers":{},"volume_configuration":[],"vpc_lattice_configurations":[]}},{"address":"module.ecs.aws_ecs_task_definition.app","mode":"managed","type":"aws_ecs_task_definition","name":"app","provider_name":"registry.terraform.io/hashicorp/aws","schema_version":1,"values":{"container_definitions":"[{\"essential\":true,\"image\":\"585008053249.dkr.ecr.eu-west-1.amazonaws.com/hospital_app:v1.3.0\",\"logConfiguration\":{\"logDriver\":\"awslogs\",\"options\":{\"awslogs-group\":\"/ecs/hospital-app\",\"awslogs-region\":\"eu-west-1\",\"awslogs-stream-prefix\":\"ecs\"}},\"name\":\"hospital-app\",\"portMappings\":[{\"containerPort\":80,\"hostPort\":80}]}]","cpu":"256","ephemeral_storage":[],"family":"hospital_app","inference_accelerator":[],"ipc_mode":null,"memory":"512","network_mode":"awsvpc","pid_mode":null,"placement_constraints":[],"proxy_configuration":[],"requires_compatibilities":["FARGATE"],"runtime_platform":[],"skip_destroy":false,"tags":null,"task_role_arn":null,"track_latest":false,"volume":[]},"sensitive_values":{"ephemeral_storage":[],"inference_accelerator":[],"placement_constraints":[],"proxy_configuration":[],"requires_compatibilities":[false],"runtime_platform":[],"tags_all":{},"volume":[]}}],"address":"module.ecs"},{"resources":[{"address":"module.iam.aws_iam_role.ecs_execution_role","mode":"managed","type":"aws_iam_role","name":"ecs_execution_role","provider_name":"registry.terraform.io/hashicorp/aws","schema_version":0,"values":{"assume_role_policy":"{\"Statement\":[{\"Action\":\"sts:AssumeRole\",\"Effect\":\"Allow\",\"Principal\":{\"Service\":\"ecs-tasks.amazonaws.com\"}}],\"Version\":\"2012-10-17\"}","description":null,"force_detach_policies":false,"max_session_duration":3600,"name":"ecsTaskExecutionRole","path":"/","permissions_boundary":null,"tags":null},"sensitive_values":{"inline_policy":[],"managed_policy_arns":[],"tags_all":{}}},{"address":"module.iam.aws_iam_role_policy_attachment.ecs_execution_role_policy","mode":"managed","type":"aws_iam_role_policy_attachment","name":"ecs_execution_role_policy","provider_name":"registry.terraform.io/hashicorp/aws","schema_version":0,"values":{"policy_arn":"arn:aws:iam::aws:policy/service-role/AmazonECSTaskExecutionRolePolicy","role":"ecsTaskExecutionRole"},"sensitive_values":{}}],"address":"module.iam"},{"resources":[{"address":"module.rds.aws_db_instance.main","mode":"managed","type":"aws_db_instance","name":"main","provider_name":"registry.terraform.io/hashicorp/aws","schema_version":2,"values":{"allocated_storage":20,"allow_major_version_upgrade":null,"apply_immediately":false,"auto_minor_version_upgrade":true,"blue_green_update":[],"copy_tags_to_snapshot":false,"custom_iam_instance_profile":null,"customer_owned_ip_enabled":null,"db_subnet_group_name":"db-subnet-group","dedicated_log_volume":false,"delete_automated_backups":true,"deletion_protection":null,"domain":null,"domain_auth_secret_arn":null,"domain_dns_ips":null,"domain_iam_role_name":null,"domain_ou":null,"enabled_cloudwatch_logs_exports":null,"engine":"mysql","engine_version":"8.0.40","final_snapshot_identifier":null,"iam_database_authentication_enabled":null,"instance_class":"db.t3.micro","manage_master_user_password":null,"max_allocated_storage":null,"monitoring_interval":0,"password":"admin_123456","password_wo":null,"password_wo_version":null,"performance_insights_enabled":false,"publicly_accessible":false,"replicate_source_db":null,"restore_to_point_in_time":[],"s3_import":[],"skip_final_snapshot":true,"storage_encrypted":null,"tags":null,"timeouts":null,"upgrade_storage_config":null,"username":"admin"},"sensitive_values":{"blue_green_update":[],"listener_endpoint":[],"master_user_secret":[],"password":true,"password_wo":true,"replicas":[],"restore_to_point_in_time":[],"s3_import":[],"tags_all":{},"vpc_security_group_ids":[]}},{"address":"module.rds.aws_db_subnet_group.main","mode":"managed","type":"aws_db_subnet_group","name":"main","provider_name":"registry.terraform.io/hashicorp/aws","schema_version":0,"values":{"description":"Subnet group for RDS","name":"db-subnet-group","tags":null},"sensitive_values":{"subnet_ids":[],"supported_network_types":[],"tags_all":{}}}],"address":"module.rds"},{"resources":[{"address":"module.s3.aws_s3_bucket.storage","mode":"managed","type":"aws_s3_bucket","name":"storage","provider_name":"registry.terraform.io/hashicorp/aws","schema_version":0,"values":{"force_destroy":false,"tags":null,"timeouts":null},"sensitive_values":{"cors_rule":[],"grant":[],"lifecycle_rule":[],"logging":[],"object_lock_configuration":[],"replication_configuration":[],"server_side_encryption_configuration":[],"tags_all":{},"versioning":[],"website":[]}},{"address":"module.s3.random_string.suffix","mode":"managed","type":"random_string","name":"suffix","provider_name":"registry.terraform.io/hashicorp/random","schema_version":2,"values":{"keepers":null,"length":8,"lower":true,"min_lower":0,"min_numeric":0,"min_special":0,"min_upper":0,"number":true,"numeric":true,"override_special":null,"special":false,"upper":false},"sensitive_values":{}}],"address":"module.s3"},{"resources":[{"address":"module.vpc.aws_eip.nat","mode":"managed","type":"aws_eip","name":"nat","provider_name":"registry.terraform.io/hashicorp/aws","schema_version":0,"values":{"address":null,"associate_with_private_ip":null,"customer_owned_ipv4_pool":null,"tags":{"Name":"NAT-EIP"},"tags_all":{"Name":"NAT-EIP"},"timeouts":null,"vpc":true},"sensitive_values":{"tags":{},"tags_all":{}}},{"address":"module.vpc.aws_internet_gateway.igw","mode":"managed","type":"aws_internet_gateway","name":"igw","provider_name":"registry.terraform.io/hashicorp/aws","schema_version":0,"values":{"tags":{"Name":"MainIGW"},"tags_all":{"Name":"MainIGW"},"timeouts":null},"sensitive_values":{"tags":{},"tags_all":{}}},{"address":"module.vpc.aws_nat_gateway.nat","mode":"managed","type":"aws_nat_gateway","name":"nat","provider_name":"registry.terraform.io/hashicorp/aws","schema_version":0,"values":{"connectivity_type":"public","secondary_allocation_ids":null,"tags":{"Name":"MainNATGateway"},"tags_all":{"Name":"MainNATGateway"},"timeouts":null},"sensitive_values":{"secondary_private_ip_addresses":[],"tags":{},"tags_all":{}}},{"address":"module.vpc.aws_route.private_default_route","mode":"managed","type":"aws_route","name":"private_default_route","provider_name":"registry.terraform.io/hashicorp/aws","schema_version":0,"values":{"carrier_gateway_id":null,"core_network_arn":null,"destination_cidr_block":"0.0.0.0/0","destination_ipv6_cidr_block":null,"destination_prefix_list_id":null,"egress_only_gateway_id":null,"gateway_id":null,"local_gateway_id":null,"timeouts":null,"transit_gateway_id":null,"vpc_endpoint_id":null,"vpc_peering_connection_id":null},"sensitive_values":{}},{"address":"module.vpc.aws_route.public_default_route","mode":"managed","type":"aws_route","name":"public_default_route","provider_name":"registry.terraform.io/hashicorp/aws","schema_version":0,"values":{"carrier_gateway_id":null,"core_network_arn":null,"destination_cidr_block":"0.0.0.0/0","destination_ipv6_cidr_block":null,"destination_prefix_list_id":null,"egress_only_gateway_id":null,"local_gateway_id":null,"nat_gateway_id":null,"timeouts":null,"transit_gateway_id":null,"vpc_endpoint_id":null,"vpc_peering_connection_id":null},"sensitive_values":{}},{"address":"module.vpc.aws_route_table.private_rt","mode":"managed","type":"aws_route_table","name":"private_rt","provider_name":"registry.terraform.io/hashicorp/aws","schema_version":0,"values":{"tags":{"Name":"PrivateRouteTable"},"tags_all":{"Name":"PrivateRouteTable"},"timeouts":null},"sensitive_values":{"propagating_vgws":[],"route":[],"tags":{},"tags_all":{}}},{"address":"module.vpc.aws_route_table.public_rt","mode":"managed","type":"aws_route_table","name":"public_rt","provider_name":"registry.terraform.io/hashicorp/aws","schema_version":0,"values":{"tags":{"Name":"PublicRouteTable"},"tags_all":{"Name":"PublicRouteTable"},"timeouts":null},"sensitive_values":{"propagating_vgws":[],"route":[],"tags":{},"tags_all":{}}},{"address":"module.vpc.aws_route_table_association.private[0]","mode":"managed","type":"aws_route_table_association","name":"private","index":0,"provider_name":"registry.terraform.io/hashicorp/aws","schema_version":0,"values":{"gateway_id":null,"timeouts":null},"sensitive_values":{}},{"address":"module.vpc.aws_route_table_association.private[1]","mode":"managed","type":"aws_route_table_association","name":"private","index":1,"provider_name":"registry.terraform.io/hashicorp/aws","schema_version":0,"values":{"gateway_id":null,"timeouts":null},"sensitive_values":{}},{"address":"module.vpc.aws_route_table_association.public[0]","mode":"managed","type":"aws_route_table_association","name":"public","index":0,"provider_name":"registry.terraform.io/hashicorp/aws","schema_version":0,"values":{"gateway_id":null,"timeouts":null},"sensitive_values":{}},{"address":"module.vpc.aws_route_table_association.public[1]","mode":"managed","type":"aws_route_table_association","name":"public","index":1,"provider_name":"registry.terraform.io/hashicorp/aws","schema_version":0,"values":{"gateway_id":null,"timeouts":null},"sensitive_values":{}},{"address":"module.vpc.aws_security_group.ecs_sg","mode":"managed","type":"aws_security_group","name":"ecs_sg","provider_name":"registry.terraform.io/hashicorp/aws","schema_version":1,"values":{"description":"Security group for ECS tasks","egress":[{"cidr_blocks":["0.0.0.0/0"],"description":"","from_port":0,"ipv6_cidr_blocks":[],"prefix_list_ids":[],"protocol":"-1","security_groups":[],"self":false,"to_port":0}],"ingress":[{"cidr_blocks":["0.0.0.0/0"],"description":"Allow HTTP","from_port":80,"ipv6_cidr_blocks":[],"prefix_list_ids":[],"protocol":"tcp","security_groups":[],"self":false,"to_port":80}],"name":"ecs-sg","revoke_rules_on_delete":false,"tags":null,"timeouts":null},"sensitive_values":{"egress":[{"cidr_blocks":[false],"ipv6_cidr_blocks":[],"prefix_list_ids":[],"security_groups":[]}],"ingress":[{"cidr_blocks":[false],"ipv6_cidr_blocks":[],"prefix_list_ids":[],"security_groups":[]}],"tags_all":{}}},{"address":"module.vpc.aws_subnet.private[0]","mode":"managed","type":"aws_subnet","name":"private","index":0,"provider_name":"registry.terraform.io/hashicorp/aws","schema_version":1,"values":{"assign_ipv6_address_on_creation":false,"availability_zone":"eu-west-1a","cidr_block":"10.0.3.0/24","customer_owned_ipv4_pool":null,"enable_dns64":false,"enable_lni_at_device_index":null,"enable_resource_name_dns_a_record_on_launch":false,"enable_resource_name_dns_aaaa_record_on_launch":false,"ipv6_cidr_block":null,"ipv6_native":false,"map_customer_owned_ip_on_launch":null,"map_public_ip_on_launch":false,"outpost_arn":null,"tags":{"Name":"PrivateSubnet-1"},"tags_all":{"Name":"PrivateSubnet-1"},"timeouts":null},"sensitive_values":{"tags":{},"tags_all":{}}},{"address":"module.vpc.aws_subnet.private[1]","mode":"managed","type":"aws_subnet","name":"private","index":1,"provider_name":"registry.terraform.io/hashicorp/aws","schema_version":1,"values":{"assign_ipv6_address_on_creation":false,"availability_zone":"eu-west-1b","cidr_block":"10.0.4.0/24","customer_owned_ipv4_pool":null,"enable_dns64":false,"enable_lni_at_device_index":null,"enable_resource_name_dns_a_record_on_launch":false,"enable_resource_name_dns_aaaa_record_on_launch":false,"ipv6_cidr_block":null,"ipv6_native":false,"map_customer_owned_ip_on_launch":null,"map_public_ip_on_launch":false,"outpost_arn":null,"tags":{"Name":"PrivateSubnet-2"},"tags_all":{"Name":"PrivateSubnet-2"},"timeouts":null},"sensitive_values":{"tags":{},"tags_all":{}}},{"address":"module.vpc.aws_subnet.public[0]","mode":"managed","type":"aws_subnet","name":"public","index":0,"provider_name":"registry.terraform.io/hashicorp/aws","schema_version":1,"values":{"assign_ipv6_address_on_creation":false,"availability_zone":"eu-west-1a","cidr_block":"10.0.1.0/24","customer_owned_ipv4_pool":null,"enable_dns64":false,"enable_lni_at_device_index":null,"enable_resource_name_dns_a_record_on_launch":false,"enable_resource_name_dns_aaaa_record_on_launch":false,"ipv6_cidr_block":null,"ipv6_native":false,"map_customer_owned_ip_on_launch":null,"map_public_ip_on_launch":true,"outpost_arn":null,"tags":{"Name":"PublicSubnet-1"},"tags_all":{"Name":"PublicSubnet-1"},"timeouts":null},"sensitive_values":{"tags":{},"tags_all":{}}},{"address":"module.vpc.aws_subnet.public[1]","mode":"managed","type":"aws_subnet","name":"public","index":1,"provider_name":"registry.terraform.io/hashicorp/aws","schema_version":1,"values":{"assign_ipv6_address_on_creation":false,"availability_zone":"eu-west-1b","cidr_block":"10.0.2.0/24","customer_owned_ipv4_pool":null,"enable_dns64":false,"enable_lni_at_device_index":null,"enable_resource_name_dns_a_record_on_launch":false,"enable_resource_name_dns_aaaa_record_on_launch":false,"ipv6_cidr_block":null,"ipv6_native":false,"map_customer_owned_ip_on_launch":null,"map_public_ip_on_launch":true,"outpost_arn":null,"tags":{"Name":"PublicSubnet-2"},"tags_all":{"Name":"PublicSubnet-2"},"timeouts":null},"sensitive_values":{"tags":{},"tags_all":{}}},{"address":"module.vpc.aws_vpc.main","mode":"managed","type":"aws_vpc","name":"main","provider_name":"registry.terraform.io/hashicorp/aws","schema_version":1,"values":{"assign_generated_ipv6_cidr_block":null,"cidr_block":"10.0.0.0/16","enable_dns_hostnames":true,"enable_dns_support":true,"instance_tenancy":"default","ipv4_ipam_pool_id":null,"ipv4_netmask_length":null,"ipv6_ipam_pool_id":null,"ipv6_netmask_length":null,"tags":{"Name":"MainVPC"},"tags_all":{"Name":"MainVPC"}},"sensitive_values":{"tags":{},"tags_all":{}}}],"address":"module.vpc"}]}},"resource_changes":[{"address":"null_resource.docker_build_push","mode":"managed","type":"null_resource","name":"docker_build_push","provider_name":"registry.terraform.io/hashicorp/null","change":{"actions":["create"],"before":null,"after":{"triggers":null},"after_unknown":{"id":true},"before_sensitive":false,"after_sensitive":{}}},{"address":"module.alb.aws_alb.ecs_alb","module_address":"module.alb","mode":"managed","type":"aws_alb","name":"ecs_alb","provider_name":"registry.terraform.io/hashicorp/aws","change":{"actions":["create"],"before":null,"after":{"access_logs":[],"client_keep_alive":3600,"connection_logs":[],"customer_owned_ipv4_pool":null,"desync_mitigation_mode":"defensive","dns_record_client_routing_policy":null,"drop_invalid_header_fields":false,"enable_cross_zone_load_balancing":null,"enable_deletion_protection":false,"enable_http2":true,"enable_tls_version_and_cipher_suite_headers":false,"enable_waf_fail_open":false,"enable_xff_client_port":false,"enable_zonal_shift":false,"idle_timeout":60,"ipam_pools":[],"load_balancer_type":"application","name":"ecs-alb","preserve_host_header":false,"tags":null,"timeouts":null,"xff_header_processing_mode":"append"},"after_unknown":{"access_logs":[],"arn":true,"arn_suffix":true,"connection_logs":[],"dns_name":true,"enforce_security_group_inbound_rules_on_private_link_traffic":true,"id":true,"internal":true,"ip_address_type":true,"ipam_pools":[],"name_prefix":true,"security_groups":true,"subnet_mapping":true,"subnets":true,"tags_all":true,"vpc_id":true,"zone_id":true},"before_sensitive":false,"after_sensitive":{"access_logs":[],"connection_logs":[],"ipam_pools":[],"security_groups":[],"subnet_mapping":[],"subnets":[],"tags_all":{}}}},{"address":"module.cloudwatch.aws_cloudwatch_log_group.ecs_logs","module_address":"module.cloudwatch","mode":"managed","type":"aws_cloudwatch_log_group","name":"ecs_logs","provider_name":"registry.terraform.io/hashicorp/aws","change":{"actions":["create"],"before":null,"after":{"kms_key_id":null,"name":"ecs-log-group","retention_in_days":0,"skip_destroy":false,"tags":null},"after_unknown":{"arn":true,"id":true,"log_group_class":true,"name_prefix":true,"tags_all":true},"before_sensitive":false,"after_sensitive":{"tags_all":{}}}},{"address":"module.ecr.aws_ecr_repository.app_repo","module_address":"module.ecr","mode":"managed","type":"aws_ecr_repository","name":"app_repo","provider_name":"registry.terraform.io/hashicorp/aws","change":{"actions":["no-op"],"before":{"arn":"arn:aws:ecr:eu-west-1:585008053249:repository/hospital_app","encryption_configuration":[{"encryption_type":"AES256","kms_key":""}],"force_delete":null,"id":"hospital_app","image_scanning_configuration":[{"scan_on_push":false}],"image_tag_mutability":"MUTABLE","name":"hospital_app","registry_id":"585008053249","repository_url":"585008053249.dkr.ecr.eu-west-1.amazonaws.com/hospital_app","tags":{},"tags_all":{},"timeouts":null},"after":{"arn":"arn:aws:ecr:eu-west-1:585008053249:repository/hospital_app","encryption_configuration":[{"encryption_type":"AES256","kms_key":""}],"force_delete":null,"id":"hospital_app","image_scanning_configuration":[{"scan_on_push":false}],"image_tag_mutability":"MUTABLE","name":"hospital_app","registry_id":"585008053249","repository_url":"585008053249.dkr.ecr.eu-west-1.amazonaws.com/hospital_app","tags":{},"tags_all":{},"timeouts":null},"after_unknown":{},"before_sensitive":{"encryption_configuration":[{}],"image_scanning_configuration":[{}],"tags":{},"tags_all":{}},"after_sensitive":{"encryption_configuration":[{}],"image_scanning_configuration":[{}],"tags":{},"tags_all":{}}}},{"address":"module.ecs.aws_ecs_cluster.main","module_address":"module.ecs","mode":"managed","type":"aws_ecs_cluster","name":"main","provider_name":"registry.terraform.io/hashicorp/aws","change":{"actions":["create"],"before":null,"after":{"configuration":[],"name":"ecs-cluster","service_connect_defaults":[],"tags":null},"after_unknown":{"arn":true,"configuration":[],"id":true,"service_connect_defaults":[],"setting":true,"tags_all":true},"before_sensitive":false,"after_sensitive":{"configuration":[],"service_connect_defaults":[],"setting":[],"tags_all":{}}}},{"address":"module.ecs.aws_ecs_service.app","module_address":"module.ecs","mode":"managed","type":"aws_ecs_service","name":"app","provider_name":"registry.terraform.io/hashicorp/aws","change":{"actions":["create"],"before":null,"after":{"alarms":[],"availability_zone_rebalancing":"DISABLED","capacity_provider_strategy":[],"deployment_circuit_breaker":[],"deployment_controller":[],"deployment_maximum_percent":200,"deployment_minimum_healthy_percent":100,"desired_count":1,"enable_ecs_managed_tags":false,"enable_execute_command":false,"force_delete":null,"force_new_deployment":null,"health_check_grace_period_seconds":null,"launch_type":"FARGATE","load_balancer":[],"name":"hospital-app-service","network_configuration":[{"assign_public_ip":false}],"ordered_placement_strategy":[],"placement_constraints":[],"propagate_tags":null,"scheduling_strategy":"REPLICA","service_connect_configuration":[],"service_registries":[],"tags":null,"timeouts":null,"volume_configuration":[],"vpc_lattice_configurations":[],"wait_for_steady_state":false},"after_unknown":{"alarms":[],"capacity_provider_strategy":[],"cluster":true,"deployment_circuit_breaker":[],"deployment_controller":[],"iam_role":true,"id":true,"load_balancer":[],"network_configuration":[{"security_groups":true,"subnets":true}],"ordered_placement_strategy":[],"placement_constraints":[],"platform_version":true,"service_connect_configuration":[],"service_registries":[],"tags_all":true,"task_definition":true,"triggers":true,"volume_configuration":[],"vpc_lattice_configurations":[]},"before_sensitive":false,"after_sensitive":{"alarms":[],"capacity_provider_strategy":[],"deployment_circuit_breaker":[],"deployment_controller":[],"load_balancer":[],"network_configuration":[{"security_groups":[],"subnets":[]}],"ordered_placement_strategy":[],"placement_constraints":[],"service_connect_configuration":[],"service_registries":[],"tags_all":{},"triggers":{},"volume_configuration":[],"vpc_lattice_configurations":[]}}},{"address":"module.ecs.aws_ecs_task_definition.app","module_address":"module.ecs","mode":"managed","type":"aws_ecs_task_definition","name":"app","provider_name":"registry.terraform.io/hashicorp/aws","change":{"actions":["create"],"before":null,"after":{"container_definitions":"[{\"essential\":true,\"image\":\"585008053249.dkr.ecr.eu-west-1.amazonaws.com/hospital_app:v1.3.0\",\"logConfiguration\":{\"logDriver\":\"awslogs\",\"options\":{\"awslogs-group\":\"/ecs/hospital-app\",\"awslogs-region\":\"eu-west-1\",\"awslogs-stream-prefix\":\"ecs\"}},\"name\":\"hospital-app\",\"portMappings\":[{\"containerPort\":80,\"hostPort\":80}]}]","cpu":"256","ephemeral_storage":[],"family":"hospital_app","inference_accelerator":[],"ipc_mode":null,"memory":"512","network_mode":"awsvpc","pid_mode":null,"placement_constraints":[],"proxy_configuration":[],"requires_compatibilities":["FARGATE"],"runtime_platform":[],"skip_destroy":false,"tags":null,"task_role_arn":null,"track_latest":false,"volume":[]},"after_unknown":{"arn":true,"arn_without_revision":true,"enable_fault_injection":true,"ephemeral_storage":[],"execution_role_arn":true,"id":true,"inference_accelerator":[],"placement_constraints":[],"proxy_configuration":[],"requires_compatibilities":[false],"revision":true,"runtime_platform":[],"tags_all":true,"volume":[]},"before_sensitive":false,"after_sensitive":{"ephemeral_storage":[],"inference_accelerator":[],"placement_constraints":[],"proxy_configuration":[],"requires_compatibilities":[false],"runtime_platform":[],"tags_all":{},"volume":[]}}},{"address":"module.iam.aws_iam_role.ecs_execution_role","module_address":"module.iam","mode":"managed","type":"aws_iam_role","name":"ecs_execution_role","provider_name":"registry.terraform.io/hashicorp/aws","change":{"actions":["create"],"before":null,"after":{"assume_role_policy":"{\"Statement\":[{\"Action\":\"sts:AssumeRole\",\"Effect\":\"Allow\",\"Principal\":{\"Service\":\"ecs-tasks.amazonaws.com\"}}],\"Version\":\"2012-10-17\"}","description":null,"force_detach_policies":false,"max_session_duration":3600,"name":"ecsTaskExecutionRole","path":"/","permissions_boundary":null,"tags":null},"after_unknown":{"arn":true,"create_date":true,"id":true,"inline_policy":true,"managed_policy_arns":true,"name_prefix":true,"tags_all":true,"unique_id":true},"before_sensitive":false,"after_sensitive":{"inline_policy":[],"managed_policy_arns":[],"tags_all":{}}}},{"address":"module.iam.aws_iam_role_policy_attachment.ecs_execution_role_policy","module_address":"module.iam","mode":"managed","type":"aws_iam_role_policy_attachment","name":"ecs_execution_role_policy","provider_name":"registry.terraform.io/hashicorp/aws","change":{"actions":["create"],"before":null,"after":{"policy_arn":"arn:aws:iam::aws:policy/service-role/AmazonECSTaskExecutionRolePolicy","role":"ecsTaskExecutionRole"},"after_unknown":{"id":true},"before_sensitive":false,"after_sensitive":{}}},{"address":"module.rds.aws_db_instance.main","module_address":"module.rds","mode":"managed","type":"aws_db_instance","name":"main","provider_name":"registry.terraform.io/hashicorp/aws","change":{"actions":["create"],"before":null,"after":{"allocated_storage":20,"allow_major_version_upgrade":null,"apply_immediately":false,"auto_minor_version_upgrade":true,"blue_green_update":[],"copy_tags_to_snapshot":false,"custom_iam_instance_profile":null,"customer_owned_ip_enabled":null,"db_subnet_group_name":"db-subnet-group","dedicated_log_volume":false,"delete_automated_backups":true,"deletion_protection":null,"domain":null,"domain_auth_secret_arn":null,"domain_dns_ips":null,"domain_iam_role_name":null,"domain_ou":null,"enabled_cloudwatch_logs_exports":null,"engine":"mysql","engine_version":"8.0.40","final_snapshot_identifier":null,"iam_database_authentication_enabled":null,"instance_class":"db.t3.micro","manage_master_user_password":null,"max_allocated_storage":null,"monitoring_interval":0,"password":"admin_123456","password_wo":null,"password_wo_version":null,"performance_insights_enabled":false,"publicly_accessible":false,"replicate_source_db":null,"restore_to_point_in_time":[],"s3_import":[],"skip_final_snapshot":true,"storage_encrypted":null,"tags":null,"timeouts":null,"upgrade_storage_config":null,"username":"admin"},"after_unknown":{"address":true,"arn":true,"availability_zone":true,"backup_retention_period":true,"backup_target":true,"backup_window":true,"blue_green_update":[],"ca_cert_identifier":true,"character_set_name":true,"database_insights_mode":true,"db_name":true,"domain_fqdn":true,"endpoint":true,"engine_lifecycle_support":true,"engine_version_actual":true,"hosted_zone_id":true,"id":true,"identifier":true,"identifier_prefix":true,"iops":true,"kms_key_id":true,"latest_restorable_time":true,"license_model":true,"listener_endpoint":true,"maintenance_window":true,"master_user_secret":true,"master_user_secret_kms_key_id":true,"monitoring_role_arn":true,"multi_az":true,"nchar_character_set_name":true,"network_type":true,"option_group_name":true,"parameter_group_name":true,"performance_insights_kms_key_id":true,"performance_insights_retention_period":true,"port":true,"replica_mode":true,"replicas":true,"resource_id":true,"restore_to_point_in_time":[],"s3_import":[],"snapshot_identifier":true,"status":true,"storage_throughput":true,"storage_type":true,"tags_all":true,"timezone":true,"vpc_security_group_ids":true},"before_sensitive":false,"after_sensitive":{"blue_green_update":[],"listener_endpoint":[],"master_user_secret":[],"password":true,"password_wo":true,"replicas":[],"restore_to_point_in_time":[],"s3_import":[],"tags_all":{},"vpc_security_group_ids":[]}}},{"address":"module.rds.aws_db_subnet_group.main","module_address":"module.rds","mode":"managed","type":"aws_db_subnet_group","name":"main","provider_name":"registry.terraform.io/hashicorp/aws","change":{"actions":["create"],"before":null,"after":{"description":"Subnet group for RDS","name":"db-subnet-group","tags":null},"after_unknown":{"arn":true,"id":true,"name_prefix":true,"subnet_ids":true,"supported_network_types":true,"tags_all":true,"vpc_id":true},"before_sensitive":false,"after_sensitive":{"subnet_ids":[],"supported_network_types":[],"tags_all":{}}}},{"address":"module.s3.aws_s3_bucket.storage","module_address":"module.s3","mode":"managed","type":"aws_s3_bucket","name":"storage","provider_name":"registry.terraform.io/hashicorp/aws","change":{"actions":["create"],"before":null,"after":{"force_destroy":false,"tags":null,"timeouts":null},"after_unknown":{"acceleration_status":true,"acl":true,"arn":true,"bucket":true,"bucket_domain_name":true,"bucket_prefix":true,"bucket_regional_domain_name":true,"cors_rule":true,"grant":true,"hosted_zone_id":true,"id":true,"lifecycle_rule":true,"logging":true,"object_lock_configuration":true,"object_lock_enabled":true,"policy":true,"region":true,"replication_configuration":true,"request_payer":true,"server_side_encryption_configuration":true,"tags_all":true,"versioning":true,"website":true,"website_domain":true,"website_endpoint":true},"before_sensitive":false,"after_sensitive":{"cors_rule":[],"grant":[],"lifecycle_rule":[],"logging":[],"object_lock_configuration":[],"replication_configuration":[],"server_side_encryption_configuration":[],"tags_all":{},"versioning":[],"website":[]}}},{"address":"module.s3.random_string.suffix","module_address":"module.s3","mode":"managed","type":"random_string","name":"suffix","provider_name":"registry.terraform.io/hashicorp/random","change":{"actions":["create"],"before":null,"after":{"keepers":null,"length":8,"lower":true,"min_lower":0,"min_numeric":0,"min_special":0,"min_upper":0,"number":true,"numeric":true,"override_special":null,"special":false,"upper":false},"after_unknown":{"id":true,"result":true},"before_sensitive":false,"after_sensitive":{}}},{"address":"module.vpc.aws_eip.nat","module_address":"module.vpc","mode":"managed","type":"aws_eip","name":"nat","provider_name":"registry.terraform.io/hashicorp/aws","change":{"actions":["create"],"before":null,"after":{"address":null,"associate_with_private_ip":null,"customer_owned_ipv4_pool":null,"tags":{"Name":"NAT-EIP"},"tags_all":{"Name":"NAT-EIP"},"timeouts":null,"vpc":true},"after_unknown":{"allocation_id":true,"arn":true,"association_id":true,"carrier_ip":true,"customer_owned_ip":true,"domain":true,"id":true,"instance":true,"ipam_pool_id":true,"network_border_group":true,"network_interface":true,"private_dns":true,"private_ip":true,"ptr_record":true,"public_dns":true,"public_ip":true,"public_ipv4_pool":true,"tags":{},"tags_all":{}},"before_sensitive":false,"after_sensitive":{"tags":{},"tags_all":{}}}},{"address":"module.vpc.aws_internet_gateway.igw","module_address":"module.vpc","mode":"managed","type":"aws_internet_gateway","name":"igw","provider_name":"registry.terraform.io/hashicorp/aws","change":{"actions":["create"],"before":null,"after":{"tags":{"Name":"MainIGW"},"tags_all":{"Name":"MainIGW"},"timeouts":null},"after_unknown":{"arn":true,"id":true,"owner_id":true,"tags":{},"tags_all":{},"vpc_id":true},"before_sensitive":false,"after_sensitive":{"tags":{},"tags_all":{}}}},{"address":"module.vpc.aws_nat_gateway.nat","module_address":"module.vpc","mode":"managed","type":"aws_nat_gateway","name":"nat","provider_name":"registry.terraform.io/hashicorp/aws","change":{"actions":["create"],"before":null,"after":{"connectivity_type":"public","secondary_allocation_ids":null,"tags":{"Name":"MainNATGateway"},"tags_all":{"Name":"MainNATGateway"},"timeouts":null},"after_unknown":{"allocation_id":true,"association_id":true,"id":true,"network_interface_id":true,"private_ip":true,"public_ip":true,"secondary_private_ip_address_count":true,"secondary_private_ip_addresses":true,"subnet_id":true,"tags":{},"tags_all":{}},"before_sensitive":false,"after_sensitive":{"secondary_private_ip_addresses":[],"tags":{},"tags_all":{}}}},{"address":"module.vpc.aws_route.private_default_route","module_address":"module.vpc","mode":"managed","type":"aws_route","name":"private_default_route","provider_name":"registry.terraform.io/hashicorp/aws","change":{"actions":["create"],"before":null,"after":{"carrier_gateway_id":null,"core_network_arn":null,"destination_cidr_block":"0.0.0.0/0","destination_ipv6_cidr_block":null,"destination_prefix_list_id":null,"egress_only_gateway_id":null,"gateway_id":null,"local_gateway_id":null,"timeouts":null,"transit_gateway_id":null,"vpc_endpoint_id":null,"vpc_peering_connection_id":null},"after_unknown":{"id":true,"instance_id":true,"instance_owner_id":true,"nat_gateway_id":true,"network_interface_id":true,"origin":true,"route_table_id":true,"state":true},"before_sensitive":false,"after_sensitive":{}}},{"address":"module.vpc.aws_route.public_default_route","module_address":"module.vpc","mode":"managed","type":"aws_route","name":"public_default_route","provider_name":"registry.terraform.io/hashicorp/aws","change":{"actions":["create"],"before":null,"after":{"carrier_gateway_id":null,"core_network_arn":null,"destination_cidr_block":"0.0.0.0/0","destination_ipv6_cidr_block":null,"destination_prefix_list_id":null,"egress_only_gateway_id":null,"local_gateway_id":null,"nat_gateway_id":null,"timeouts":null,"transit_gateway_id":null,"vpc_endpoint_id":null,"vpc_peering_connection_id":null},"after_unknown":{"gateway_id":true,"id":true,"instance_id":true,"instance_owner_id":true,"network_interface_id":true,"origin":true,"route_table_id":true,"state":true},"before_sensitive":false,"after_sensitive":{}}},{"address":"module.vpc.aws_route_table.private_rt","module_address":"module.vpc","mode":"managed","type":"aws_route_table","name":"private_rt","provider_name":"registry.terraform.io/hashicorp/aws","change":{"actions":["create"],"before":null,"after":{"tags":{"Name":"PrivateRouteTable"},"tags_all":{"Name":"PrivateRouteTable"},"timeouts":null},"after_unknown":{"arn":true,"id":true,"owner_id":true,"propagating_vgws":true,"route":true,"tags":{},"tags_all":{},"vpc_id":true},"before_sensitive":false,"after_sensitive":{"propagating_vgws":[],"route":[],"tags":{},"tags_all":{}}}},{"address":"module.vpc.aws_route_table.public_rt","module_address":"module.vpc","mode":"managed","type":"aws_route_table","name":"public_rt","provider_name":"registry.terraform.io/hashicorp/aws","change":{"actions":["create"],"before":null,"after":{"tags":{"Name":"PublicRouteTable"},"tags_all":{"Name":"PublicRouteTable"},"timeouts":null},"after_unknown":{"arn":true,"id":true,"owner_id":true,"propagating_vgws":true,"route":true,"tags":{},"tags_all":{},"vpc_id":true},"before_sensitive":false,"after_sensitive":{"propagating_vgws":[],"route":[],"tags":{},"tags_all":{}}}},{"address":"module.vpc.aws_route_table_association.private[0]","module_address":"module.vpc","mode":"managed","type":"aws_route_table_association","name":"private","index":0,"provider_name":"registry.terraform.io/hashicorp/aws","change":{"actions":["create"],"before":null,"after":{"gateway_id":null,"timeouts":null},"after_unknown":{"id":true,"route_table_id":true,"subnet_id":true},"before_sensitive":false,"after_sensitive":{}}},{"address":"module.vpc.aws_route_table_association.private[1]","module_address":"module.vpc","mode":"managed","type":"aws_route_table_association","name":"private","index":1,"provider_name":"registry.terraform.io/hashicorp/aws","change":{"actions":["create"],"before":null,"after":{"gateway_id":null,"timeouts":null},"after_unknown":{"id":true,"route_table_id":true,"subnet_id":true},"before_sensitive":false,"after_sensitive":{}}},{"address":"module.vpc.aws_route_table_association.public[0]","module_address":"module.vpc","mode":"managed","type":"aws_route_table_association","name":"public","index":0,"provider_name":"registry.terraform.io/hashicorp/aws","change":{"actions":["create"],"before":null,"after":{"gateway_id":null,"timeouts":null},"after_unknown":{"id":true,"route_table_id":true,"subnet_id":true},"before_sensitive":false,"after_sensitive":{}}},{"address":"module.vpc.aws_route_table_association.public[1]","module_address":"module.vpc","mode":"managed","type":"aws_route_table_association","name":"public","index":1,"provider_name":"registry.terraform.io/hashicorp/aws","change":{"actions":["create"],"before":null,"after":{"gateway_id":null,"timeouts":null},"after_unknown":{"id":true,"route_table_id":true,"subnet_id":true},"before_sensitive":false,"after_sensitive":{}}},{"address":"module.vpc.aws_security_group.ecs_sg","module_address":"module.vpc","mode":"managed","type":"aws_security_group","name":"ecs_sg","provider_name":"registry.terraform.io/hashicorp/aws","change":{"actions":["create"],"before":null,"after":{"description":"Security group for ECS tasks","egress":[{"cidr_blocks":["0.0.0.0/0"],"description":"","from_port":0,"ipv6_cidr_blocks":[],"prefix_list_ids":[],"protocol":"-1","security_groups":[],"self":false,"to_port":0}],"ingress":[{"cidr_blocks":["0.0.0.0/0"],"description":"Allow HTTP","from_port":80,"ipv6_cidr_blocks":[],"prefix_list_ids":[],"protocol":"tcp","security_groups":[],"self":false,"to_port":80}],"name":"ecs-sg","revoke_rules_on_delete":false,"tags":null,"timeouts":null},"after_unknown":{"arn":true,"egress":[{"cidr_blocks":[false],"ipv6_cidr_blocks":[],"prefix_list_ids":[],"security_groups":[]}],"id":true,"ingress":[{"cidr_blocks":[false],"ipv6_cidr_blocks":[],"prefix_list_ids":[],"security_groups":[]}],"name_prefix":true,"owner_id":true,"tags_all":true,"vpc_id":true},"before_sensitive":false,"after_sensitive":{"egress":[{"cidr_blocks":[false],"ipv6_cidr_blocks":[],"prefix_list_ids":[],"security_groups":[]}],"ingress":[{"cidr_blocks":[false],"ipv6_cidr_blocks":[],"prefix_list_ids":[],"security_groups":[]}],"tags_all":{}}}},{"address":"module.vpc.aws_subnet.private[0]","module_address":"module.vpc","mode":"managed","type":"aws_subnet","name":"private","index":0,"provider_name":"registry.terraform.io/hashicorp/aws","change":{"actions":["create"],"before":null,"after":{"assign_ipv6_address_on_creation":false,"availability_zone":"eu-west-1a","cidr_block":"10.0.3.0/24","customer_owned_ipv4_pool":null,"enable_dns64":false,"enable_lni_at_device_index":null,"enable_resource_name_dns_a_record_on_launch":false,"enable_resource_name_dns_aaaa_record_on_launch":false,"ipv6_cidr_block":null,"ipv6_native":false,"map_customer_owned_ip_on_launch":null,"map_public_ip_on_launch":false,"outpost_arn":null,"tags":{"Name":"PrivateSubnet-1"},"tags_all":{"Name":"PrivateSubnet-1"},"timeouts":null},"after_unknown":{"arn":true,"availability_zone_id":true,"id":true,"ipv6_cidr_block_association_id":true,"owner_id":true,"private_dns_hostname_type_on_launch":true,"tags":{},"tags_all":{},"vpc_id":true},"before_sensitive":false,"after_sensitive":{"tags":{},"tags_all":{}}}},{"address":"module.vpc.aws_subnet.private[1]","module_address":"module.vpc","mode":"managed","type":"aws_subnet","name":"private","index":1,"provider_name":"registry.terraform.io/hashicorp/aws","change":{"actions":["create"],"before":null,"after":{"assign_ipv6_address_on_creation":false,"availability_zone":"eu-west-1b","cidr_block":"10.0.4.0/24","customer_owned_ipv4_pool":null,"enable_dns64":false,"enable_lni_at_device_index":null,"enable_resource_name_dns_a_record_on_launch":false,"enable_resource_name_dns_aaaa_record_on_launch":false,"ipv6_cidr_block":null,"ipv6_native":false,"map_customer_owned_ip_on_launch":null,"map_public_ip_on_launch":false,"outpost_arn":null,"tags":{"Name":"PrivateSubnet-2"},"tags_all":{"Name":"PrivateSubnet-2"},"timeouts":null},"after_unknown":{"arn":true,"availability_zone_id":true,"id":true,"ipv6_cidr_block_association_id":true,"owner_id":true,"private_dns_hostname_type_on_launch":true,"tags":{},"tags_all":{},"vpc_id":true},"before_sensitive":false,"after_sensitive":{"tags":{},"tags_all":{}}}},{"address":"module.vpc.aws_subnet.public[0]","module_address":"module.vpc","mode":"managed","type":"aws_subnet","name":"public","index":0,"provider_name":"registry.terraform.io/hashicorp/aws","change":{"actions":["create"],"before":null,"after":{"assign_ipv6_address_on_creation":false,"availability_zone":"eu-west-1a","cidr_block":"10.0.1.0/24","customer_owned_ipv4_pool":null,"enable_dns64":false,"enable_lni_at_device_index":null,"enable_resource_name_dns_a_record_on_launch":false,"enable_resource_name_dns_aaaa_record_on_launch":false,"ipv6_cidr_block":null,"ipv6_native":false,"map_customer_owned_ip_on_launch":null,"map_public_ip_on_launch":true,"outpost_arn":null,"tags":{"Name":"PublicSubnet-1"},"tags_all":{"Name":"PublicSubnet-1"},"timeouts":null},"after_unknown":{"arn":true,"availability_zone_id":true,"id":true,"ipv6_cidr_block_association_id":true,"owner_id":true,"private_dns_hostname_type_on_launch":true,"tags":{},"tags_all":{},"vpc_id":true},"before_sensitive":false,"after_sensitive":{"tags":{},"tags_all":{}}}},{"address":"module.vpc.aws_subnet.public[1]","module_address":"module.vpc","mode":"managed","type":"aws_subnet","name":"public","index":1,"provider_name":"registry.terraform.io/hashicorp/aws","change":{"actions":["create"],"before":null,"after":{"assign_ipv6_address_on_creation":false,"availability_zone":"eu-west-1b","cidr_block":"10.0.2.0/24","customer_owned_ipv4_pool":null,"enable_dns64":false,"enable_lni_at_device_index":null,"enable_resource_name_dns_a_record_on_launch":false,"enable_resource_name_dns_aaaa_record_on_launch":false,"ipv6_cidr_block":null,"ipv6_native":false,"map_customer_owned_ip_on_launch":null,"map_public_ip_on_launch":true,"outpost_arn":null,"tags":{"Name":"PublicSubnet-2"},"tags_all":{"Name":"PublicSubnet-2"},"timeouts":null},"after_unknown":{"arn":true,"availability_zone_id":true,"id":true,"ipv6_cidr_block_association_id":true,"owner_id":true,"private_dns_hostname_type_on_launch":true,"tags":{},"tags_all":{},"vpc_id":true},"before_sensitive":false,"after_sensitive":{"tags":{},"tags_all":{}}}},{"address":"module.vpc.aws_vpc.main","module_address":"module.vpc","mode":"managed","type":"aws_vpc","name":"main","provider_name":"registry.terraform.io/hashicorp/aws","change":{"actions":["create"],"before":null,"after":{"assign_generated_ipv6_cidr_block":null,"cidr_block":"10.0.0.0/16","enable_dns_hostnames":true,"enable_dns_support":true,"instance_tenancy":"default","ipv4_ipam_pool_id":null,"ipv4_netmask_length":null,"ipv6_ipam_pool_id":null,"ipv6_netmask_length":null,"tags":{"Name":"MainVPC"},"tags_all":{"Name":"MainVPC"}},"after_unknown":{"arn":true,"default_network_acl_id":true,"default_route_table_id":true,"default_security_group_id":true,"dhcp_options_id":true,"enable_network_address_usage_metrics":true,"id":true,"ipv6_association_id":true,"ipv6_cidr_block":true,"ipv6_cidr_block_network_border_group":true,"main_route_table_id":true,"owner_id":true,"tags":{},"tags_all":{}},"before_sensitive":false,"after_sensitive":{"tags":{},"tags_all":{}}}}],"output_changes":{"alb_dns_name":{"actions":["create"],"before":null,"after_unknown":true,"before_sensitive":false,"after_sensitive":false},"cloudwatch_log_group":{"actions":["create"],"before":null,"after":"ecs-log-group","after_unknown":false,"before_sensitive":false,"after_sensitive":false},"db_endpoint":{"actions":["create"],"before":null,"after_unknown":true,"before_sensitive":false,"after_sensitive":false},"ecs_cluster_id":{"actions":["create"],"before":null,"after_unknown":true,"before_sensitive":false,"after_sensitive":false},"private_subnets":{"actions":["create"],"before":null,"after":[null,null],"after_unknown":[true,true],"before_sensitive":false,"after_sensitive":false},"public_subnets":{"actions":["create"],"before":null,"after":[null,null],"after_unknown":[true,true],"before_sensitive":false,"after_sensitive":false},"repository_url":{"actions":["create"],"before":null,"after":"585008053249.dkr.ecr.eu-west-1.amazonaws.com/hospital_app","after_unknown":false,"before_sensitive":false,"after_sensitive":false},"s3_bucket_arn":{"actions":["create"],"before":null,"after_unknown":true,"before_sensitive":false,"after_sensitive":false},"vpc_id":{"actions":["create"],"before":null,"after_unknown":true,"before_sensitive":false,"after_sensitive":false}},"prior_state":{"format_version":"1.0","terraform_version":"1.10.5","values":{"outputs":{"cloudwatch_log_group":{"sensitive":false,"value":"ecs-log-group","type":"string"},"repository_url":{"sensitive":false,"value":"585008053249.dkr.ecr.eu-west-1.amazonaws.com/hospital_app","type":"string"}},"root_module":{"child_modules":[{"resources":[{"address":"module.ecr.aws_ecr_repository.app_repo","mode":"managed","type":"aws_ecr_repository","name":"app_repo","provider_name":"registry.terraform.io/hashicorp/aws","schema_version":0,"values":{"arn":"arn:aws:ecr:eu-west-1:585008053249:repository/hospital_app","encryption_configuration":[{"encryption_type":"AES256","kms_key":""}],"force_delete":null,"id":"hospital_app","image_scanning_configuration":[{"scan_on_push":false}],"image_tag_mutability":"MUTABLE","name":"hospital_app","registry_id":"585008053249","repository_url":"585008053249.dkr.ecr.eu-west-1.amazonaws.com/hospital_app","tags":{},"tags_all":{},"timeouts":null},"sensitive_values":{"encryption_configuration":[{}],"image_scanning_configuration":[{}],"tags":{},"tags_all":{}}}],"address":"module.ecr"},{"resources":[{"address":"module.vpc.data.aws_availability_zones.available","mode":"data","type":"aws_availability_zones","name":"available","provider_name":"registry.terraform.io/hashicorp/aws","schema_version":0,"values":{"all_availability_zones":null,"exclude_names":null,"exclude_zone_ids":null,"filter":null,"group_names":["eu-west-1-zg-1"],"id":"eu-west-1","names":["eu-west-1a","eu-west-1b","eu-west-1c"],"state":null,"timeouts":null,"zone_ids":["euw1-az3","euw1-az1","euw1-az2"]},"sensitive_values":{"group_names":[false],"names":[false,false,false],"zone_ids":[false,false,false]}}],"address":"module.vpc"}]}}},"configuration":{"provider_config":{"aws":{"name":"aws","full_name":"registry.terraform.io/hashicorp/aws","expressions":{"region":{"references":["var.aws_region"]}}},"module.s3:random":{"name":"random","full_name":"registry.terraform.io/hashicorp/random","module_address":"module.s3"},"null":{"name":"null","full_name":"registry.terraform.io/hashicorp/null"}},"root_module":{"outputs":{"alb_dns_name":{"expression":{"references":["module.alb.alb_dns_name","module.alb"]},"description":"The DNS name of the ALB"},"cloudwatch_log_group":{"expression":{"references":["module.cloudwatch.log_group_name","module.cloudwatch"]},"description":"The CloudWatch Log Group name"},"db_endpoint":{"expression":{"references":["module.rds.db_endpoint","module.rds"]},"description":"The endpoint of the RDS instance"},"ecs_cluster_id":{"expression":{"references":["module.ecs.ecs_cluster_id","module.ecs"]},"description":"The ECS cluster ID"},"private_subnets":{"expression":{"references":["module.vpc.private_subnets","module.vpc"]},"description":"The private subnets IDs"},"public_subnets":{"expression":{"references":["module.vpc.public_subnets","module.vpc"]},"description":"The public subnets IDs"},"repository_url":{"expression":{"references":["module.ecr.repository_url","module.ecr"]},"description":"The URL of the ECR repository"},"s3_bucket_arn":{"expression":{"references":["module.s3.bucket_arn","module.s3"]},"description":"ARN of the S3 bucket"},"vpc_id":{"expression":{"references":["module.vpc.vpc_id","module.vpc"]},"description":"The ID of the VPC"}},"resources":[{"address":"null_resource.docker_build_push","mode":"managed","type":"null_resource","name":"docker_build_push","provider_config_key":"null","provisioners":[{"type":"local-exec","expressions":{"command":{"references":["var.aws_region","module.ecr.repository_url","module.ecr","module.ecr.repository_url","module.ecr","module.ecr.repository_url","module.ecr"]},"interpreter":{"constant_value":["bash","-c"]}}}],"schema_version":0,"depends_on":["module.ecr"]}],"module_calls":{"alb":{"source":"./modules/alb","expressions":{"alb_name":{"references":["var.alb_name"]},"public_subnet_ids":{"references":["module.vpc.public_subnets","module.vpc"]},"security_group_id":{"references":["module.vpc.ecs_sg_id","module.vpc"]}},"module":{"outputs":{"alb_arn":{"expression":{"references":["aws_alb.ecs_alb.arn","aws_alb.ecs_alb"]}},"alb_dns_name":{"expression":{"references":["aws_alb.ecs_alb.dns_name","aws_alb.ecs_alb"]}}},"resources":[{"address":"aws_alb.ecs_alb","mode":"managed","type":"aws_alb","name":"ecs_alb","provider_config_key":"aws","expressions":{"load_balancer_type":{"constant_value":"application"},"name":{"references":["var.alb_name"]},"security_groups":{"references":["var.security_group_id"]},"subnets":{"references":["var.public_subnet_ids"]}},"schema_version":0}],"variables":{"alb_name":{},"public_subnet_ids":{},"security_group_id":{}}}},"cloudwatch":{"source":"./modules/cloudwatch","expressions":{"log_group_name":{"references":["var.log_group_name"]}},"module":{"outputs":{"log_group_name":{"expression":{"references":["aws_cloudwatch_log_group.ecs_logs.name","aws_cloudwatch_log_group.ecs_logs"]}}},"resources":[{"address":"aws_cloudwatch_log_group.ecs_logs","mode":"managed","type":"aws_cloudwatch_log_group","name":"ecs_logs","provider_config_key":"aws","expressions":{"name":{"references":["var.log_group_name"]}},"schema_version":0}],"variables":{"log_group_name":{}}}},"ecr":{"source":"./modules/ecr","expressions":{"execution_role_arn":{"references":["module.iam.ecs_execution_role_arn","module.iam"]},"repository_name":{"references":["var.ecr_repository_name"]},"repository_url":{"references":["module.ecr.repository_url","module.ecr"]}},"module":{"outputs":{"repository_url":{"expression":{"references":["aws_ecr_repository.app_repo.repository_url","aws_ecr_repository.app_repo"]}}},"resources":[{"address":"aws_ecr_repository.app_repo","mode":"managed","type":"aws_ecr_repository","name":"app_repo","provider_config_key":"aws","expressions":{"name":{"references":["var.repository_name"]}},"schema_version":0}],"variables":{"execution_role_arn":{"description":"IAM Role ARN for ECS task execution"},"repository_name":{},"repository_url":{"description":"The URL of the ECR repository containing the container image"}}}},"ecs":{"source":"./modules/ecs","expressions":{"cluster_name":{"references":["var.ecs_cluster_name"]},"execution_role_arn":{"references":["module.iam.ecs_execution_role_arn","module.iam"]},"private_subnet_ids":{"references":["module.vpc.private_subnets","module.vpc"]},"repository_url":{"references":["module.ecr.repository_url","module.ecr"]},"security_group_id":{"references":["module.vpc.ecs_sg_id","module.vpc"]}},"module":{"outputs":{"ecs_cluster_id":{"expression":{"references":["aws_ecs_cluster.main.id","aws_ecs_cluster.main"]}},"ecs_service_name":{"expression":{"references":["aws_ecs_service.app.name","aws_ecs_service.app"]}}},"resources":[{"address":"aws_ecs_cluster.main","mode":"managed","type":"aws_ecs_cluster","name":"main","provider_config_key":"aws","expressions":{"name":{"references":["var.cluster_name"]}},"schema_version":0},{"address":"aws_ecs_service.app","mode":"managed","type":"aws_ecs_service","name":"app","provider_config_key":"aws","expressions":{"cluster":{"references":["aws_ecs_cluster.main.id","aws_ecs_cluster.main"]},"desired_count":{"constant_value":1},"launch_type":{"constant_value":"FARGATE"},"name":{"constant_value":"hospital-app-service"},"network_configuration":[{"assign_public_ip":{"constant_value":false},"security_groups":{"references":["var.security_group_id"]},"subnets":{"references":["var.private_subnet_ids"]}}],"task_definition":{"references":["aws_ecs_task_definition.app.arn","aws_ecs_task_definition.app"]}},"schema_version":1},{"address":"aws_ecs_task_definition.app","mode":"managed","type":"aws_ecs_task_definition","name":"app","provider_config_key":"aws","expressions":{"container_definitions":{"references":["var.repository_url","var.region"]},"cpu":{"constant_value":256},"execution_role_arn":{"references":["var.execution_role_arn"]},"family":{"constant_value":"hospital_app"},"memory":{"constant_value":512},"network_mode":{"constant_value":"awsvpc"},"requires_compatibilities":{"constant_value":["FARGATE"]}},"schema_version":1}],"variables":{"cluster_name":{},"execution_role_arn":{"description":"IAM Role ARN for ECS task execution"},"private_subnet_ids":{},"region":{"default":"eu-west-1","description":"AWS region for VPC endpoints"},"repository_url":{"description":"ECR repository URL for the container image"},"security_group_id":{}}}},"iam":{"source":"./modules/iam","module":{"outputs":{"ecs_execution_role_arn":{"expression":{"references":["aws_iam_role.ecs_execution_role.arn","aws_iam_role.ecs_execution_role"]},"description":"IAM Role ARN for ECS task execution"}},"resources":[{"address":"aws_iam_role.ecs_execution_role","mode":"managed","type":"aws_iam_role","name":"ecs_execution_role","provider_config_key":"aws","expressions":{"assume_role_policy":{},"name":{"constant_value":"ecsTaskExecutionRole"}},"schema_version":0},{"address":"aws_iam_role_policy_attachment.ecs_execution_role_policy","mode":"managed","type":"aws_iam_role_policy_attachment","name":"ecs_execution_role_policy","provider_config_key":"aws","expressions":{"policy_arn":{"constant_value":"arn:aws:iam::aws:policy/service-role/AmazonECSTaskExecutionRolePolicy"},"role":{"references":["aws_iam_role.ecs_execution_role.name","aws_iam_role.ecs_execution_role"]}},"schema_version":0}]}},"rds":{"source":"./modules/rds","expressions":{"db_password":{"references":["var.db_password"]},"db_subnet_ids":{"references":["module.vpc.private_subnets","module.vpc"]},"db_username":{"references":["var.db_username"]},"security_group_id":{"references":["module.vpc.ecs_sg_id","module.vpc"]}},"module":{"outputs":{"db_endpoint":{"expression":{"references":["aws_db_instance.main.endpoint","aws_db_instance.main"]}}},"resources":[{"address":"aws_db_instance.main","mode":"managed","type":"aws_db_instance","name":"main","provider_config_key":"aws","expressions":{"allocated_storage":{"constant_value":20},"db_subnet_group_name":{"references":["aws_db_subnet_group.main.name","aws_db_subnet_group.main"]},"engine":{"constant_value":"mysql"},"engine_version":{"constant_value":"8.0.40"},"instance_class":{"constant_value":"db.t3.micro"},"password":{"references":["var.db_password"]},"skip_final_snapshot":{"constant_value":true},"username":{"references":["var.db_username"]},"vpc_security_group_ids":{"references":["var.security_group_id"]}},"schema_version":2},{"address":"aws_db_subnet_group.main","mode":"managed","type":"aws_db_subnet_group","name":"main","provider_config_key":"aws","expressions":{"description":{"constant_value":"Subnet group for RDS"},"name":{"constant_value":"db-subnet-group"},"subnet_ids":{"references":["var.db_subnet_ids"]}},"schema_version":0}],"variables":{"db_password":{},"db_subnet_ids":{},"db_username":{},"security_group_id":{}}}},"s3":{"source":"./modules/s3","expressions":{"bucket_name":{"references":["var.s3_bucket_name"]}},"module":{"outputs":{"bucket_arn":{"expression":{"references":["aws_s3_bucket.storage.arn","aws_s3_bucket.storage"]}}},"resources":[{"address":"aws_s3_bucket.storage","mode":"managed","type":"aws_s3_bucket","name":"storage","provider_config_key":"aws","expressions":{"bucket":{"references":["var.bucket_name","random_string.suffix.result","random_string.suffix"]}},"schema_version":0},{"address":"random_string.suffix","mode":"managed","type":"random_string","name":"suffix","provider_config_key":"module.s3:random","expressions":{"length":{"constant_value":8},"special":{"constant_value":false},"upper":{"constant_value":false}},"schema_version":2}],"variables":{"bucket_name":{}}}},"vpc":{"source":"./modules/vpc","expressions":{"private_subnet_cidrs":{"references":["var.private_subnet_cidrs"]},"public_subnet_cidrs":{"references":["var.public_subnet_cidrs"]},"vpc_cidr_block":{"references":["var.vpc_cidr_block"]}},"module":{"outputs":{"ecs_sg_id":{"expression":{"references":["aws_security_group.ecs_sg.id","aws_security_group.ecs_sg"]}},"private_subnets":{"expression":{"references":["aws_subnet.private"]}},"public_subnet_ids":{"expression":{"references":["aws_subnet.public"]},"description":"IDs of public subnets"},"public_subnets":{"expression":{"references":["aws_subnet.public"]}},"vpc_id":{"expression":{"references":["aws_vpc.main.id","aws_vpc.main"]}}},"resources":[{"address":"aws_eip.nat","mode":"managed","type":"aws_eip","name":"nat","provider_config_key":"aws","expressions":{"tags":{"constant_value":{"Name":"NAT-EIP"}},"vpc":{"constant_value":true}},"schema_version":0},{"address":"aws_internet_gateway.igw","mode":"managed","type":"aws_internet_gateway","name":"igw","provider_config_key":"aws","expressions":{"tags":{"constant_value":{"Name":"MainIGW"}},"vpc_id":{"references":["aws_vpc.main.id","aws_vpc.main"]}},"schema_version":0},{"address":"aws_nat_gateway.nat","mode":"managed","type":"aws_nat_gateway","name":"nat","provider_config_key":"aws","expressions":{"allocation_id":{"references":["aws_eip.nat.id","aws_eip.nat"]},"subnet_id":{"references":["aws_subnet.public[0].id","aws_subnet.public[0]","aws_subnet.public"]},"tags":{"constant_value":{"Name":"MainNATGateway"}}},"schema_version":0,"depends_on":["aws_internet_gateway.igw"]},{"address":"aws_route.private_default_route","mode":"managed","type":"aws_route","name":"private_default_route","provider_config_key":"aws","expressions":{"destination_cidr_block":{"constant_value":"0.0.0.0/0"},"nat_gateway_id":{"references":["aws_nat_gateway.nat.id","aws_nat_gateway.nat"]},"route_table_id":{"references":["aws_route_table.private_rt.id","aws_route_table.private_rt"]}},"schema_version":0},{"address":"aws_route.public_default_route","mode":"managed","type":"aws_route","name":"public_default_route","provider_config_key":"aws","expressions":{"destination_cidr_block":{"constant_value":"0.0.0.0/0"},"gateway_id":{"references":["aws_internet_gateway.igw.id","aws_internet_gateway.igw"]},"route_table_id":{"references":["aws_route_table.public_rt.id","aws_route_table.public_rt"]}},"schema_version":0},{"address":"aws_route_table.private_rt","mode":"managed","type":"aws_route_table","name":"private_rt","provider_config_key":"aws","expressions":{"tags":{"constant_value":{"Name":"PrivateRouteTable"}},"vpc_id":{"references":["aws_vpc.main.id","aws_vpc.main"]}},"schema_version":0},{"address":"aws_route_table.public_rt","mode":"managed","type":"aws_route_table","name":"public_rt","provider_config_key":"aws","expressions":{"tags":{"constant_value":{"Name":"PublicRouteTable"}},"vpc_id":{"references":["aws_vpc.main.id","aws_vpc.main"]}},"schema_version":0},{"address":"aws_route_table_association.private","mode":"managed","type":"aws_route_table_association","name":"private","provider_config_key":"aws","expressions":{"route_table_id":{"references":["aws_route_table.private_rt.id","aws_route_table.private_rt"]},"subnet_id":{"references":["aws_subnet.private","count.index"]}},"schema_version":0,"count_expression":{"references":["var.private_subnet_cidrs"]}},{"address":"aws_route_table_association.public","mode":"managed","type":"aws_route_table_association","name":"public","provider_config_key":"aws","expressions":{"route_table_id":{"references":["aws_route_table.public_rt.id","aws_route_table.public_rt"]},"subnet_id":{"references":["aws_subnet.public","count.index"]}},"schema_version":0,"count_expression":{"references":["var.public_subnet_cidrs"]}},{"address":"aws_security_group.ecs_sg","mode":"managed","type":"aws_security_group","name":"ecs_sg","provider_config_key":"aws","expressions":{"description":{"constant_value":"Security group for ECS tasks"},"egress":{"constant_value":[{"cidr_blocks":["0.0.0.0/0"],"description":null,"from_port":0,"ipv6_cidr_blocks":null,"prefix_list_ids":null,"protocol":"-1","security_groups":null,"self":null,"to_port":0}]},"ingress":{"constant_value":[{"cidr_blocks":["0.0.0.0/0"],"description":"Allow HTTP","from_port":80,"ipv6_cidr_blocks":null,"prefix_list_ids":null,"protocol":"tcp","security_groups":null,"self":null,"to_port":80}]},"name":{"constant_value":"ecs-sg"},"vpc_id":{"references":["aws_vpc.main.id","aws_vpc.main"]}},"schema_version":1},{"address":"aws_subnet.private","mode":"managed","type":"aws_subnet","name":"private","provider_config_key":"aws","expressions":{"availability_zone":{"references":["data.aws_availability_zones.available.names","data.aws_availability_zones.available","count.index"]},"cidr_block":{"references":["var.private_subnet_cidrs","count.index"]},"tags":{"references":["count.index"]},"vpc_id":{"references":["aws_vpc.main.id","aws_vpc.main"]}},"schema_version":1,"count_expression":{"references":["var.private_subnet_cidrs"]}},{"address":"aws_subnet.public","mode":"managed","type":"aws_subnet","name":"public","provider_config_key":"aws","expressions":{"availability_zone":{"references":["data.aws_availability_zones.available.names","data.aws_availability_zones.available","count.index"]},"cidr_block":{"references":["var.public_subnet_cidrs","count.index"]},"map_public_ip_on_launch":{"constant_value":true},"tags":{"references":["count.index"]},"vpc_id":{"references":["aws_vpc.main.id","aws_vpc.main"]}},"schema_version":1,"count_expression":{"references":["var.public_subnet_cidrs"]}},{"address":"aws_vpc.main","mode":"managed","type":"aws_vpc","name":"main","provider_config_key":"aws","expressions":{"cidr_block":{"references":["var.vpc_cidr_block"]},"enable_dns_hostnames":{"constant_value":true},"enable_dns_support":{"constant_value":true},"tags":{"constant_value":{"Name":"MainVPC"}}},"schema_version":1},{"address":"data.aws_availability_zones.available","mode":"data","type":"aws_availability_zones","name":"available","provider_config_key":"aws","schema_version":0}],"variables":{"aws_region":{"default":"eu-west-1","description":"AWS region for VPC endpoints"},"private_subnet_cidrs":{},"public_subnet_cidrs":{},"vpc_cidr_block":{}}}}},"variables":{"alb_name":{"default":"ecs-alb","description":"Name for the Application Load Balancer"},"aws_region":{"default":"eu-west-1","description":"AWS region to deploy resources"},"db_password":{"default":"admin_123456","description":"Password for the RDS database"},"db_username":{"default":"admin","description":"Username for the RDS database"},"ecr_repository_name":{"default":"hospital_app","description":"Name for the ECR repository"},"ecs_cluster_name":{"default":"ecs-cluster","description":"Name of the ECS cluster"},"log_group_name":{"default":"ecs-log-group","description":"Name of the CloudWatch Log Group"},"private_subnet_cidrs":{"default":["10.0.3.0/24","10.0.4.0/24"],"description":"List of CIDR blocks for private subnets"},"public_subnet_cidrs":{"default":["10.0.1.0/24","10.0.2.0/24"],"description":"List of CIDR blocks for public subnets"},"s3_bucket_name":{"default":"my-storage-bucket","description":"Name of the S3 bucket"},"vpc_cidr_block":{"default":"10.0.0.0/16","description":"CIDR block for the VPC"}}}},"relevant_attributes":[{"resource":"module.s3.random_string.suffix","attribute":["result"]},{"resource":"module.vpc.data.aws_availability_zones.available","attribute":["names"]},{"resource":"module.ecs.aws_ecs_task_definition.app","attribute":["arn"]},{"resource":"module.cloudwatch.aws_cloudwatch_log_group.ecs_logs","attribute":["name"]},{"resource":"module.ecs.aws_ecs_service.app","attribute":["name"]},{"resource":"module.iam.aws_iam_role.ecs_execution_role","attribute":["name"]},{"resource":"module.s3.aws_s3_bucket.storage","attribute":["arn"]},{"resource":"module.vpc.aws_security_group.ecs_sg","attribute":["id"]},{"resource":"module.vpc.aws_internet_gateway.igw","attribute":["id"]},{"resource":"module.vpc.aws_route_table.public_rt","attribute":["id"]},{"resource":"module.vpc.aws_subnet.public","attribute":[]},{"resource":"module.vpc.aws_route_table.private_rt","attribute":["id"]},{"resource":"module.vpc.aws_nat_gateway.nat","attribute":["id"]},{"resource":"module.alb.aws_alb.ecs_alb","attribute":["arn"]},{"resource":"module.rds.aws_db_instance.main","attribute":["endpoint"]},{"resource":"module.vpc.aws_vpc.main","attribute":["id"]},{"resource":"module.vpc.aws_subnet.private","attribute":[]},{"resource":"module.vpc.aws_eip.nat","attribute":["id"]},{"resource":"module.vpc.aws_subnet.public[0]","attribute":["id"]},{"resource":"module.rds.aws_db_subnet_group.main","attribute":["name"]},{"resource":"module.ecs.aws_ecs_cluster.main","attribute":["id"]},{"resource":"module.iam.aws_iam_role.ecs_execution_role","attribute":["arn"]},{"resource":"module.alb.aws_alb.ecs_alb","attribute":["dns_name"]},{"resource":"module.ecr.aws_ecr_repository.app_repo","attribute":["repository_url"]}],"timestamp":"2025-04-03T11:05:15Z","applyable":true,"complete":true,"errored":false}
